// !$*UTF8*$!
{
	archiveVersion = 1;
	classes = {
	};
	objectVersion = 55;
	objects = {

/* Begin PBXBuildFile section */
		76066BE728FCC76C0063C171 /* LandmarkRow.swift in Sources */ = {isa = PBXBuildFile; fileRef = 76066BE628FCC76C0063C171 /* LandmarkRow.swift */; };
		76066BE928FCCA9D0063C171 /* LandmarkList.swift in Sources */ = {isa = PBXBuildFile; fileRef = 76066BE828FCCA9D0063C171 /* LandmarkList.swift */; };
		76066BEB28FCFEAA0063C171 /* LandmarkDetail.swift in Sources */ = {isa = PBXBuildFile; fileRef = 76066BEA28FCFEAA0063C171 /* LandmarkDetail.swift */; };
		76066BED28FEBA560063C171 /* FavoriteButton.swift in Sources */ = {isa = PBXBuildFile; fileRef = 76066BEC28FEBA560063C171 /* FavoriteButton.swift */; };
		76066C5F291528C40063C171 /* HexagonParameters.swift in Sources */ = {isa = PBXBuildFile; fileRef = 76066C5E291528C40063C171 /* HexagonParameters.swift */; };
		76066C6129155B220063C171 /* BadgeBackground.swift in Sources */ = {isa = PBXBuildFile; fileRef = 76066C6029155B220063C171 /* BadgeBackground.swift */; };
		76066C64291582D70063C171 /* BadgeSymbol.swift in Sources */ = {isa = PBXBuildFile; fileRef = 76066C63291582D70063C171 /* BadgeSymbol.swift */; };
		76066C66291583B60063C171 /* RotatedBadgeSymbol.swift in Sources */ = {isa = PBXBuildFile; fileRef = 76066C65291583B60063C171 /* RotatedBadgeSymbol.swift */; };
		76066C68291584F20063C171 /* Badge.swift in Sources */ = {isa = PBXBuildFile; fileRef = 76066C67291584F20063C171 /* Badge.swift */; };
		76066C6A291587F00063C171 /* hikeData.json in Resources */ = {isa = PBXBuildFile; fileRef = 76066C69291587EF0063C171 /* hikeData.json */; };
		76066C6C291588310063C171 /* Hike.swift in Sources */ = {isa = PBXBuildFile; fileRef = 76066C6B291588310063C171 /* Hike.swift */; };
		76066C74291589C60063C171 /* GraphCapsule.swift in Sources */ = {isa = PBXBuildFile; fileRef = 76066C70291589C60063C171 /* GraphCapsule.swift */; };
		76066C75291589C60063C171 /* HikeGraph.swift in Sources */ = {isa = PBXBuildFile; fileRef = 76066C71291589C60063C171 /* HikeGraph.swift */; };
		76066C76291589C60063C171 /* HikeDetail.swift in Sources */ = {isa = PBXBuildFile; fileRef = 76066C72291589C60063C171 /* HikeDetail.swift */; };
		76066C77291589C60063C171 /* HikeView.swift in Sources */ = {isa = PBXBuildFile; fileRef = 76066C73291589C60063C171 /* HikeView.swift */; };
		7624A08228FC3CB000963899 /* LandmarksApp.swift in Sources */ = {isa = PBXBuildFile; fileRef = 7624A08128FC3CB000963899 /* LandmarksApp.swift */; };
		7624A08428FC3CB000963899 /* ContentView.swift in Sources */ = {isa = PBXBuildFile; fileRef = 7624A08328FC3CB000963899 /* ContentView.swift */; };
		7624A08628FC3CB200963899 /* Assets.xcassets in Resources */ = {isa = PBXBuildFile; fileRef = 7624A08528FC3CB200963899 /* Assets.xcassets */; };
		7624A08928FC3CB200963899 /* Preview Assets.xcassets in Resources */ = {isa = PBXBuildFile; fileRef = 7624A08828FC3CB200963899 /* Preview Assets.xcassets */; };
		7624A09328FC3CB200963899 /* LandmarksTests.swift in Sources */ = {isa = PBXBuildFile; fileRef = 7624A09228FC3CB200963899 /* LandmarksTests.swift */; };
		7624A09D28FC3CB200963899 /* LandmarksUITests.swift in Sources */ = {isa = PBXBuildFile; fileRef = 7624A09C28FC3CB200963899 /* LandmarksUITests.swift */; };
		7624A09F28FC3CB200963899 /* LandmarksUITestsLaunchTests.swift in Sources */ = {isa = PBXBuildFile; fileRef = 7624A09E28FC3CB200963899 /* LandmarksUITestsLaunchTests.swift */; };
		7624A0AC28FC3FBF00963899 /* CircleImage.swift in Sources */ = {isa = PBXBuildFile; fileRef = 7624A0AB28FC3FBF00963899 /* CircleImage.swift */; };
		7624A0AE28FC40FD00963899 /* MapView.swift in Sources */ = {isa = PBXBuildFile; fileRef = 7624A0AD28FC40FD00963899 /* MapView.swift */; };
		7624A0B028FC464D00963899 /* landmarkData.json in Resources */ = {isa = PBXBuildFile; fileRef = 7624A0AF28FC464D00963899 /* landmarkData.json */; };
		7624A0B228FC466C00963899 /* Landmark.swift in Sources */ = {isa = PBXBuildFile; fileRef = 7624A0B128FC466C00963899 /* Landmark.swift */; };
		7624A0B428FC485400963899 /* ModelData.swift in Sources */ = {isa = PBXBuildFile; fileRef = 7624A0B328FC485400963899 /* ModelData.swift */; };
/* End PBXBuildFile section */

/* Begin PBXContainerItemProxy section */
		7624A08F28FC3CB200963899 /* PBXContainerItemProxy */ = {
			isa = PBXContainerItemProxy;
			containerPortal = 7624A07628FC3CB000963899 /* Project object */;
			proxyType = 1;
			remoteGlobalIDString = 7624A07D28FC3CB000963899;
			remoteInfo = Landmarks;
		};
		7624A09928FC3CB200963899 /* PBXContainerItemProxy */ = {
			isa = PBXContainerItemProxy;
			containerPortal = 7624A07628FC3CB000963899 /* Project object */;
			proxyType = 1;
			remoteGlobalIDString = 7624A07D28FC3CB000963899;
			remoteInfo = Landmarks;
		};
/* End PBXContainerItemProxy section */

/* Begin PBXFileReference section */
		76066BE628FCC76C0063C171 /* LandmarkRow.swift */ = {isa = PBXFileReference; lastKnownFileType = sourcecode.swift; path = LandmarkRow.swift; sourceTree = "<group>"; };
		76066BE828FCCA9D0063C171 /* LandmarkList.swift */ = {isa = PBXFileReference; lastKnownFileType = sourcecode.swift; path = LandmarkList.swift; sourceTree = "<group>"; };
		76066BEA28FCFEAA0063C171 /* LandmarkDetail.swift */ = {isa = PBXFileReference; lastKnownFileType = sourcecode.swift; path = LandmarkDetail.swift; sourceTree = "<group>"; };
		76066BEC28FEBA560063C171 /* FavoriteButton.swift */ = {isa = PBXFileReference; lastKnownFileType = sourcecode.swift; path = FavoriteButton.swift; sourceTree = "<group>"; };
		76066C5E291528C40063C171 /* HexagonParameters.swift */ = {isa = PBXFileReference; lastKnownFileType = sourcecode.swift; path = HexagonParameters.swift; sourceTree = "<group>"; };
		76066C6029155B220063C171 /* BadgeBackground.swift */ = {isa = PBXFileReference; lastKnownFileType = sourcecode.swift; path = BadgeBackground.swift; sourceTree = "<group>"; };
		76066C63291582D70063C171 /* BadgeSymbol.swift */ = {isa = PBXFileReference; lastKnownFileType = sourcecode.swift; path = BadgeSymbol.swift; sourceTree = "<group>"; };
		76066C65291583B60063C171 /* RotatedBadgeSymbol.swift */ = {isa = PBXFileReference; lastKnownFileType = sourcecode.swift; path = RotatedBadgeSymbol.swift; sourceTree = "<group>"; };
		76066C67291584F20063C171 /* Badge.swift */ = {isa = PBXFileReference; lastKnownFileType = sourcecode.swift; path = Badge.swift; sourceTree = "<group>"; };
		76066C69291587EF0063C171 /* hikeData.json */ = {isa = PBXFileReference; fileEncoding = 4; lastKnownFileType = text.json; path = hikeData.json; sourceTree = "<group>"; };
		76066C6B291588310063C171 /* Hike.swift */ = {isa = PBXFileReference; lastKnownFileType = sourcecode.swift; path = Hike.swift; sourceTree = "<group>"; };
		76066C70291589C60063C171 /* GraphCapsule.swift */ = {isa = PBXFileReference; fileEncoding = 4; lastKnownFileType = sourcecode.swift; path = GraphCapsule.swift; sourceTree = "<group>"; };
		76066C71291589C60063C171 /* HikeGraph.swift */ = {isa = PBXFileReference; fileEncoding = 4; lastKnownFileType = sourcecode.swift; path = HikeGraph.swift; sourceTree = "<group>"; };
		76066C72291589C60063C171 /* HikeDetail.swift */ = {isa = PBXFileReference; fileEncoding = 4; lastKnownFileType = sourcecode.swift; path = HikeDetail.swift; sourceTree = "<group>"; };
		76066C73291589C60063C171 /* HikeView.swift */ = {isa = PBXFileReference; fileEncoding = 4; lastKnownFileType = sourcecode.swift; path = HikeView.swift; sourceTree = "<group>"; };
		7624A07E28FC3CB000963899 /* Landmarks.app */ = {isa = PBXFileReference; explicitFileType = wrapper.application; includeInIndex = 0; path = Landmarks.app; sourceTree = BUILT_PRODUCTS_DIR; };
		7624A08128FC3CB000963899 /* LandmarksApp.swift */ = {isa = PBXFileReference; lastKnownFileType = sourcecode.swift; path = LandmarksApp.swift; sourceTree = "<group>"; };
		7624A08328FC3CB000963899 /* ContentView.swift */ = {isa = PBXFileReference; lastKnownFileType = sourcecode.swift; path = ContentView.swift; sourceTree = "<group>"; };
		7624A08528FC3CB200963899 /* Assets.xcassets */ = {isa = PBXFileReference; lastKnownFileType = folder.assetcatalog; path = Assets.xcassets; sourceTree = "<group>"; };
		7624A08828FC3CB200963899 /* Preview Assets.xcassets */ = {isa = PBXFileReference; lastKnownFileType = folder.assetcatalog; path = "Preview Assets.xcassets"; sourceTree = "<group>"; };
		7624A08E28FC3CB200963899 /* LandmarksTests.xctest */ = {isa = PBXFileReference; explicitFileType = wrapper.cfbundle; includeInIndex = 0; path = LandmarksTests.xctest; sourceTree = BUILT_PRODUCTS_DIR; };
		7624A09228FC3CB200963899 /* LandmarksTests.swift */ = {isa = PBXFileReference; lastKnownFileType = sourcecode.swift; path = LandmarksTests.swift; sourceTree = "<group>"; };
		7624A09828FC3CB200963899 /* LandmarksUITests.xctest */ = {isa = PBXFileReference; explicitFileType = wrapper.cfbundle; includeInIndex = 0; path = LandmarksUITests.xctest; sourceTree = BUILT_PRODUCTS_DIR; };
		7624A09C28FC3CB200963899 /* LandmarksUITests.swift */ = {isa = PBXFileReference; lastKnownFileType = sourcecode.swift; path = LandmarksUITests.swift; sourceTree = "<group>"; };
		7624A09E28FC3CB200963899 /* LandmarksUITestsLaunchTests.swift */ = {isa = PBXFileReference; lastKnownFileType = sourcecode.swift; path = LandmarksUITestsLaunchTests.swift; sourceTree = "<group>"; };
		7624A0AB28FC3FBF00963899 /* CircleImage.swift */ = {isa = PBXFileReference; lastKnownFileType = sourcecode.swift; path = CircleImage.swift; sourceTree = "<group>"; };
		7624A0AD28FC40FD00963899 /* MapView.swift */ = {isa = PBXFileReference; lastKnownFileType = sourcecode.swift; path = MapView.swift; sourceTree = "<group>"; };
		7624A0AF28FC464D00963899 /* landmarkData.json */ = {isa = PBXFileReference; fileEncoding = 4; lastKnownFileType = text.json; path = landmarkData.json; sourceTree = "<group>"; };
		7624A0B128FC466C00963899 /* Landmark.swift */ = {isa = PBXFileReference; lastKnownFileType = sourcecode.swift; path = Landmark.swift; sourceTree = "<group>"; };
		7624A0B328FC485400963899 /* ModelData.swift */ = {isa = PBXFileReference; lastKnownFileType = sourcecode.swift; path = ModelData.swift; sourceTree = "<group>"; };
/* End PBXFileReference section */

/* Begin PBXFrameworksBuildPhase section */
		7624A07B28FC3CB000963899 /* Frameworks */ = {
			isa = PBXFrameworksBuildPhase;
			buildActionMask = 2147483647;
			files = (
			);
			runOnlyForDeploymentPostprocessing = 0;
		};
		7624A08B28FC3CB200963899 /* Frameworks */ = {
			isa = PBXFrameworksBuildPhase;
			buildActionMask = 2147483647;
			files = (
			);
			runOnlyForDeploymentPostprocessing = 0;
		};
		7624A09528FC3CB200963899 /* Frameworks */ = {
			isa = PBXFrameworksBuildPhase;
			buildActionMask = 2147483647;
			files = (
			);
			runOnlyForDeploymentPostprocessing = 0;
		};
/* End PBXFrameworksBuildPhase section */

/* Begin PBXGroup section */
		76066BEE28FEBB320063C171 /* Landkmasks */ = {
			isa = PBXGroup;
			children = (
				76066BEA28FCFEAA0063C171 /* LandmarkDetail.swift */,
				76066BE828FCCA9D0063C171 /* LandmarkList.swift */,
				76066BE628FCC76C0063C171 /* LandmarkRow.swift */,
			);
			path = Landkmasks;
			sourceTree = "<group>";
		};
		76066BEF28FEBB410063C171 /* Helpers */ = {
			isa = PBXGroup;
			children = (
				76066BEC28FEBA560063C171 /* FavoriteButton.swift */,
				7624A0AD28FC40FD00963899 /* MapView.swift */,
				7624A0AB28FC3FBF00963899 /* CircleImage.swift */,
			);
			path = Helpers;
			sourceTree = "<group>";
		};
		76066C62291582760063C171 /* Badges */ = {
			isa = PBXGroup;
			children = (
				76066C5E291528C40063C171 /* HexagonParameters.swift */,
				76066C6029155B220063C171 /* BadgeBackground.swift */,
				76066C63291582D70063C171 /* BadgeSymbol.swift */,
				76066C65291583B60063C171 /* RotatedBadgeSymbol.swift */,
				76066C67291584F20063C171 /* Badge.swift */,
			);
			path = Badges;
			sourceTree = "<group>";
		};
		76066C6F291589C60063C171 /* Hikes */ = {
			isa = PBXGroup;
			children = (
				76066C70291589C60063C171 /* GraphCapsule.swift */,
				76066C71291589C60063C171 /* HikeGraph.swift */,
				76066C72291589C60063C171 /* HikeDetail.swift */,
				76066C73291589C60063C171 /* HikeView.swift */,
			);
			path = Hikes;
			sourceTree = "<group>";
		};
		7624A07528FC3CB000963899 = {
			isa = PBXGroup;
			children = (
				7624A08028FC3CB000963899 /* Landmarks */,
				7624A09128FC3CB200963899 /* LandmarksTests */,
				7624A09B28FC3CB200963899 /* LandmarksUITests */,
				7624A07F28FC3CB000963899 /* Products */,
			);
			sourceTree = "<group>";
		};
		7624A07F28FC3CB000963899 /* Products */ = {
			isa = PBXGroup;
			children = (
				7624A07E28FC3CB000963899 /* Landmarks.app */,
				7624A08E28FC3CB200963899 /* LandmarksTests.xctest */,
				7624A09828FC3CB200963899 /* LandmarksUITests.xctest */,
			);
			name = Products;
			sourceTree = "<group>";
		};
		7624A08028FC3CB000963899 /* Landmarks */ = {
			isa = PBXGroup;
			children = (
				76066BEF28FEBB410063C171 /* Helpers */,
				76066BEE28FEBB320063C171 /* Landkmasks */,
				7624A0B528FC4A7200963899 /* Views */,
				7624A0B628FC4A9F00963899 /* Model */,
				7624A0B728FC4AB800963899 /* Resources */,
				7624A08128FC3CB000963899 /* LandmarksApp.swift */,
				7624A08528FC3CB200963899 /* Assets.xcassets */,
				7624A08728FC3CB200963899 /* Preview Content */,
			);
			path = Landmarks;
			sourceTree = "<group>";
		};
		7624A08728FC3CB200963899 /* Preview Content */ = {
			isa = PBXGroup;
			children = (
				7624A08828FC3CB200963899 /* Preview Assets.xcassets */,
			);
			path = "Preview Content";
			sourceTree = "<group>";
		};
		7624A09128FC3CB200963899 /* LandmarksTests */ = {
			isa = PBXGroup;
			children = (
				7624A09228FC3CB200963899 /* LandmarksTests.swift */,
			);
			path = LandmarksTests;
			sourceTree = "<group>";
		};
		7624A09B28FC3CB200963899 /* LandmarksUITests */ = {
			isa = PBXGroup;
			children = (
				7624A09C28FC3CB200963899 /* LandmarksUITests.swift */,
				7624A09E28FC3CB200963899 /* LandmarksUITestsLaunchTests.swift */,
			);
			path = LandmarksUITests;
			sourceTree = "<group>";
		};
		7624A0B528FC4A7200963899 /* Views */ = {
			isa = PBXGroup;
			children = (
				76066C6F291589C60063C171 /* Hikes */,
				76066C62291582760063C171 /* Badges */,
				7624A08328FC3CB000963899 /* ContentView.swift */,
			);
			path = Views;
			sourceTree = "<group>";
		};
		7624A0B628FC4A9F00963899 /* Model */ = {
			isa = PBXGroup;
			children = (
				7624A0B128FC466C00963899 /* Landmark.swift */,
				7624A0B328FC485400963899 /* ModelData.swift */,
				76066C6B291588310063C171 /* Hike.swift */,
			);
			path = Model;
			sourceTree = "<group>";
		};
		7624A0B728FC4AB800963899 /* Resources */ = {
			isa = PBXGroup;
			children = (
				76066C69291587EF0063C171 /* hikeData.json */,
				7624A0AF28FC464D00963899 /* landmarkData.json */,
			);
			path = Resources;
			sourceTree = "<group>";
		};
/* End PBXGroup section */

/* Begin PBXNativeTarget section */
		7624A07D28FC3CB000963899 /* Landmarks */ = {
			isa = PBXNativeTarget;
			buildConfigurationList = 7624A0A228FC3CB200963899 /* Build configuration list for PBXNativeTarget "Landmarks" */;
			buildPhases = (
				7624A07A28FC3CB000963899 /* Sources */,
				7624A07B28FC3CB000963899 /* Frameworks */,
				7624A07C28FC3CB000963899 /* Resources */,
			);
			buildRules = (
			);
			dependencies = (
			);
			name = Landmarks;
			productName = Landmarks;
			productReference = 7624A07E28FC3CB000963899 /* Landmarks.app */;
			productType = "com.apple.product-type.application";
		};
		7624A08D28FC3CB200963899 /* LandmarksTests */ = {
			isa = PBXNativeTarget;
			buildConfigurationList = 7624A0A528FC3CB200963899 /* Build configuration list for PBXNativeTarget "LandmarksTests" */;
			buildPhases = (
				7624A08A28FC3CB200963899 /* Sources */,
				7624A08B28FC3CB200963899 /* Frameworks */,
				7624A08C28FC3CB200963899 /* Resources */,
			);
			buildRules = (
			);
			dependencies = (
				7624A09028FC3CB200963899 /* PBXTargetDependency */,
			);
			name = LandmarksTests;
			productName = LandmarksTests;
			productReference = 7624A08E28FC3CB200963899 /* LandmarksTests.xctest */;
			productType = "com.apple.product-type.bundle.unit-test";
		};
		7624A09728FC3CB200963899 /* LandmarksUITests */ = {
			isa = PBXNativeTarget;
			buildConfigurationList = 7624A0A828FC3CB200963899 /* Build configuration list for PBXNativeTarget "LandmarksUITests" */;
			buildPhases = (
				7624A09428FC3CB200963899 /* Sources */,
				7624A09528FC3CB200963899 /* Frameworks */,
				7624A09628FC3CB200963899 /* Resources */,
			);
			buildRules = (
			);
			dependencies = (
				7624A09A28FC3CB200963899 /* PBXTargetDependency */,
			);
			name = LandmarksUITests;
			productName = LandmarksUITests;
			productReference = 7624A09828FC3CB200963899 /* LandmarksUITests.xctest */;
			productType = "com.apple.product-type.bundle.ui-testing";
		};
/* End PBXNativeTarget section */

/* Begin PBXProject section */
		7624A07628FC3CB000963899 /* Project object */ = {
			isa = PBXProject;
			attributes = {
				BuildIndependentTargetsInParallel = 1;
				LastSwiftUpdateCheck = 1340;
				LastUpgradeCheck = 1340;
				TargetAttributes = {
					7624A07D28FC3CB000963899 = {
						CreatedOnToolsVersion = 13.4.1;
					};
					7624A08D28FC3CB200963899 = {
						CreatedOnToolsVersion = 13.4.1;
						TestTargetID = 7624A07D28FC3CB000963899;
					};
					7624A09728FC3CB200963899 = {
						CreatedOnToolsVersion = 13.4.1;
						TestTargetID = 7624A07D28FC3CB000963899;
					};
				};
			};
			buildConfigurationList = 7624A07928FC3CB000963899 /* Build configuration list for PBXProject "Landmarks" */;
			compatibilityVersion = "Xcode 13.0";
			developmentRegion = en;
			hasScannedForEncodings = 0;
			knownRegions = (
				en,
				Base,
			);
			mainGroup = 7624A07528FC3CB000963899;
			productRefGroup = 7624A07F28FC3CB000963899 /* Products */;
			projectDirPath = "";
			projectRoot = "";
			targets = (
				7624A07D28FC3CB000963899 /* Landmarks */,
				7624A08D28FC3CB200963899 /* LandmarksTests */,
				7624A09728FC3CB200963899 /* LandmarksUITests */,
			);
		};
/* End PBXProject section */

/* Begin PBXResourcesBuildPhase section */
		7624A07C28FC3CB000963899 /* Resources */ = {
			isa = PBXResourcesBuildPhase;
			buildActionMask = 2147483647;
			files = (
				76066C6A291587F00063C171 /* hikeData.json in Resources */,
				7624A08928FC3CB200963899 /* Preview Assets.xcassets in Resources */,
				7624A08628FC3CB200963899 /* Assets.xcassets in Resources */,
				7624A0B028FC464D00963899 /* landmarkData.json in Resources */,
			);
			runOnlyForDeploymentPostprocessing = 0;
		};
		7624A08C28FC3CB200963899 /* Resources */ = {
			isa = PBXResourcesBuildPhase;
			buildActionMask = 2147483647;
			files = (
			);
			runOnlyForDeploymentPostprocessing = 0;
		};
		7624A09628FC3CB200963899 /* Resources */ = {
			isa = PBXResourcesBuildPhase;
			buildActionMask = 2147483647;
			files = (
			);
			runOnlyForDeploymentPostprocessing = 0;
		};
/* End PBXResourcesBuildPhase section */

/* Begin PBXSourcesBuildPhase section */
		7624A07A28FC3CB000963899 /* Sources */ = {
			isa = PBXSourcesBuildPhase;
			buildActionMask = 2147483647;
			files = (
				7624A08428FC3CB000963899 /* ContentView.swift in Sources */,
				76066C75291589C60063C171 /* HikeGraph.swift in Sources */,
				76066C68291584F20063C171 /* Badge.swift in Sources */,
				7624A0AE28FC40FD00963899 /* MapView.swift in Sources */,
				76066C74291589C60063C171 /* GraphCapsule.swift in Sources */,
				7624A08228FC3CB000963899 /* LandmarksApp.swift in Sources */,
				76066BED28FEBA560063C171 /* FavoriteButton.swift in Sources */,
				76066C76291589C60063C171 /* HikeDetail.swift in Sources */,
				76066C5F291528C40063C171 /* HexagonParameters.swift in Sources */,
				76066C6C291588310063C171 /* Hike.swift in Sources */,
				76066C66291583B60063C171 /* RotatedBadgeSymbol.swift in Sources */,
				76066C64291582D70063C171 /* BadgeSymbol.swift in Sources */,
				76066BE928FCCA9D0063C171 /* LandmarkList.swift in Sources */,
				76066C77291589C60063C171 /* HikeView.swift in Sources */,
				76066BEB28FCFEAA0063C171 /* LandmarkDetail.swift in Sources */,
				76066C6129155B220063C171 /* BadgeBackground.swift in Sources */,
				7624A0AC28FC3FBF00963899 /* CircleImage.swift in Sources */,
				7624A0B228FC466C00963899 /* Landmark.swift in Sources */,
				76066BE728FCC76C0063C171 /* LandmarkRow.swift in Sources */,
				7624A0B428FC485400963899 /* ModelData.swift in Sources */,
			);
			runOnlyForDeploymentPostprocessing = 0;
		};
		7624A08A28FC3CB200963899 /* Sources */ = {
			isa = PBXSourcesBuildPhase;
			buildActionMask = 2147483647;
			files = (
				7624A09328FC3CB200963899 /* LandmarksTests.swift in Sources */,
			);
			runOnlyForDeploymentPostprocessing = 0;
		};
		7624A09428FC3CB200963899 /* Sources */ = {
			isa = PBXSourcesBuildPhase;
			buildActionMask = 2147483647;
			files = (
				7624A09F28FC3CB200963899 /* LandmarksUITestsLaunchTests.swift in Sources */,
				7624A09D28FC3CB200963899 /* LandmarksUITests.swift in Sources */,
			);
			runOnlyForDeploymentPostprocessing = 0;
		};
/* End PBXSourcesBuildPhase section */

/* Begin PBXTargetDependency section */
		7624A09028FC3CB200963899 /* PBXTargetDependency */ = {
			isa = PBXTargetDependency;
			target = 7624A07D28FC3CB000963899 /* Landmarks */;
			targetProxy = 7624A08F28FC3CB200963899 /* PBXContainerItemProxy */;
		};
		7624A09A28FC3CB200963899 /* PBXTargetDependency */ = {
			isa = PBXTargetDependency;
			target = 7624A07D28FC3CB000963899 /* Landmarks */;
			targetProxy = 7624A09928FC3CB200963899 /* PBXContainerItemProxy */;
		};
/* End PBXTargetDependency section */

/* Begin XCBuildConfiguration section */
		7624A0A028FC3CB200963899 /* Debug */ = {
			isa = XCBuildConfiguration;
			buildSettings = {
				ALWAYS_SEARCH_USER_PATHS = NO;
				CLANG_ANALYZER_NONNULL = YES;
				CLANG_ANALYZER_NUMBER_OBJECT_CONVERSION = YES_AGGRESSIVE;
				CLANG_CXX_LANGUAGE_STANDARD = "gnu++17";
				CLANG_ENABLE_MODULES = YES;
				CLANG_ENABLE_OBJC_ARC = YES;
				CLANG_ENABLE_OBJC_WEAK = YES;
				CLANG_WARN_BLOCK_CAPTURE_AUTORELEASING = YES;
				CLANG_WARN_BOOL_CONVERSION = YES;
				CLANG_WARN_COMMA = YES;
				CLANG_WARN_CONSTANT_CONVERSION = YES;
				CLANG_WARN_DEPRECATED_OBJC_IMPLEMENTATIONS = YES;
				CLANG_WARN_DIRECT_OBJC_ISA_USAGE = YES_ERROR;
				CLANG_WARN_DOCUMENTATION_COMMENTS = YES;
				CLANG_WARN_EMPTY_BODY = YES;
				CLANG_WARN_ENUM_CONVERSION = YES;
				CLANG_WARN_INFINITE_RECURSION = YES;
				CLANG_WARN_INT_CONVERSION = YES;
				CLANG_WARN_NON_LITERAL_NULL_CONVERSION = YES;
				CLANG_WARN_OBJC_IMPLICIT_RETAIN_SELF = YES;
				CLANG_WARN_OBJC_LITERAL_CONVERSION = YES;
				CLANG_WARN_OBJC_ROOT_CLASS = YES_ERROR;
				CLANG_WARN_QUOTED_INCLUDE_IN_FRAMEWORK_HEADER = YES;
				CLANG_WARN_RANGE_LOOP_ANALYSIS = YES;
				CLANG_WARN_STRICT_PROTOTYPES = YES;
				CLANG_WARN_SUSPICIOUS_MOVE = YES;
				CLANG_WARN_UNGUARDED_AVAILABILITY = YES_AGGRESSIVE;
				CLANG_WARN_UNREACHABLE_CODE = YES;
				CLANG_WARN__DUPLICATE_METHOD_MATCH = YES;
				COPY_PHASE_STRIP = NO;
				DEBUG_INFORMATION_FORMAT = dwarf;
				ENABLE_STRICT_OBJC_MSGSEND = YES;
				ENABLE_TESTABILITY = YES;
				GCC_C_LANGUAGE_STANDARD = gnu11;
				GCC_DYNAMIC_NO_PIC = NO;
				GCC_NO_COMMON_BLOCKS = YES;
				GCC_OPTIMIZATION_LEVEL = 0;
				GCC_PREPROCESSOR_DEFINITIONS = (
					"DEBUG=1",
					"$(inherited)",
				);
				GCC_WARN_64_TO_32_BIT_CONVERSION = YES;
				GCC_WARN_ABOUT_RETURN_TYPE = YES_ERROR;
				GCC_WARN_UNDECLARED_SELECTOR = YES;
				GCC_WARN_UNINITIALIZED_AUTOS = YES_AGGRESSIVE;
				GCC_WARN_UNUSED_FUNCTION = YES;
				GCC_WARN_UNUSED_VARIABLE = YES;
				IPHONEOS_DEPLOYMENT_TARGET = 15.5;
				MTL_ENABLE_DEBUG_INFO = INCLUDE_SOURCE;
				MTL_FAST_MATH = YES;
				ONLY_ACTIVE_ARCH = YES;
				SDKROOT = iphoneos;
				SWIFT_ACTIVE_COMPILATION_CONDITIONS = DEBUG;
				SWIFT_OPTIMIZATION_LEVEL = "-Onone";
			};
			name = Debug;
		};
		7624A0A128FC3CB200963899 /* Release */ = {
			isa = XCBuildConfiguration;
			buildSettings = {
				ALWAYS_SEARCH_USER_PATHS = NO;
				CLANG_ANALYZER_NONNULL = YES;
				CLANG_ANALYZER_NUMBER_OBJECT_CONVERSION = YES_AGGRESSIVE;
				CLANG_CXX_LANGUAGE_STANDARD = "gnu++17";
				CLANG_ENABLE_MODULES = YES;
				CLANG_ENABLE_OBJC_ARC = YES;
				CLANG_ENABLE_OBJC_WEAK = YES;
				CLANG_WARN_BLOCK_CAPTURE_AUTORELEASING = YES;
				CLANG_WARN_BOOL_CONVERSION = YES;
				CLANG_WARN_COMMA = YES;
				CLANG_WARN_CONSTANT_CONVERSION = YES;
				CLANG_WARN_DEPRECATED_OBJC_IMPLEMENTATIONS = YES;
				CLANG_WARN_DIRECT_OBJC_ISA_USAGE = YES_ERROR;
				CLANG_WARN_DOCUMENTATION_COMMENTS = YES;
				CLANG_WARN_EMPTY_BODY = YES;
				CLANG_WARN_ENUM_CONVERSION = YES;
				CLANG_WARN_INFINITE_RECURSION = YES;
				CLANG_WARN_INT_CONVERSION = YES;
				CLANG_WARN_NON_LITERAL_NULL_CONVERSION = YES;
				CLANG_WARN_OBJC_IMPLICIT_RETAIN_SELF = YES;
				CLANG_WARN_OBJC_LITERAL_CONVERSION = YES;
				CLANG_WARN_OBJC_ROOT_CLASS = YES_ERROR;
				CLANG_WARN_QUOTED_INCLUDE_IN_FRAMEWORK_HEADER = YES;
				CLANG_WARN_RANGE_LOOP_ANALYSIS = YES;
				CLANG_WARN_STRICT_PROTOTYPES = YES;
				CLANG_WARN_SUSPICIOUS_MOVE = YES;
				CLANG_WARN_UNGUARDED_AVAILABILITY = YES_AGGRESSIVE;
				CLANG_WARN_UNREACHABLE_CODE = YES;
				CLANG_WARN__DUPLICATE_METHOD_MATCH = YES;
				COPY_PHASE_STRIP = NO;
				DEBUG_INFORMATION_FORMAT = "dwarf-with-dsym";
				ENABLE_NS_ASSERTIONS = NO;
				ENABLE_STRICT_OBJC_MSGSEND = YES;
				GCC_C_LANGUAGE_STANDARD = gnu11;
				GCC_NO_COMMON_BLOCKS = YES;
				GCC_WARN_64_TO_32_BIT_CONVERSION = YES;
				GCC_WARN_ABOUT_RETURN_TYPE = YES_ERROR;
				GCC_WARN_UNDECLARED_SELECTOR = YES;
				GCC_WARN_UNINITIALIZED_AUTOS = YES_AGGRESSIVE;
				GCC_WARN_UNUSED_FUNCTION = YES;
				GCC_WARN_UNUSED_VARIABLE = YES;
				IPHONEOS_DEPLOYMENT_TARGET = 15.5;
				MTL_ENABLE_DEBUG_INFO = NO;
				MTL_FAST_MATH = YES;
				SDKROOT = iphoneos;
				SWIFT_COMPILATION_MODE = wholemodule;
				SWIFT_OPTIMIZATION_LEVEL = "-O";
				VALIDATE_PRODUCT = YES;
			};
			name = Release;
		};
		7624A0A328FC3CB200963899 /* Debug */ = {
			isa = XCBuildConfiguration;
			buildSettings = {
				ASSETCATALOG_COMPILER_APPICON_NAME = AppIcon;
				ASSETCATALOG_COMPILER_GLOBAL_ACCENT_COLOR_NAME = AccentColor;
				CODE_SIGN_STYLE = Automatic;
				CURRENT_PROJECT_VERSION = 1;
				DEVELOPMENT_ASSET_PATHS = "\"Landmarks/Preview Content\"";
				DEVELOPMENT_TEAM = 34VENSFD79;
				ENABLE_PREVIEWS = YES;
				GENERATE_INFOPLIST_FILE = YES;
				INFOPLIST_KEY_UIApplicationSceneManifest_Generation = YES;
				INFOPLIST_KEY_UIApplicationSupportsIndirectInputEvents = YES;
				INFOPLIST_KEY_UILaunchScreen_Generation = YES;
				INFOPLIST_KEY_UISupportedInterfaceOrientations_iPad = "UIInterfaceOrientationPortrait UIInterfaceOrientationPortraitUpsideDown UIInterfaceOrientationLandscapeLeft UIInterfaceOrientationLandscapeRight";
				INFOPLIST_KEY_UISupportedInterfaceOrientations_iPhone = "UIInterfaceOrientationPortrait UIInterfaceOrientationLandscapeLeft UIInterfaceOrientationLandscapeRight";
				LD_RUNPATH_SEARCH_PATHS = (
					"$(inherited)",
					"@executable_path/Frameworks",
				);
				MARKETING_VERSION = 1.0;
				PRODUCT_BUNDLE_IDENTIFIER = com.rodolfocomparsi.Landmarks;
				PRODUCT_NAME = "$(TARGET_NAME)";
				SWIFT_EMIT_LOC_STRINGS = YES;
				SWIFT_VERSION = 5.0;
				TARGETED_DEVICE_FAMILY = "1,2";
			};
			name = Debug;
		};
		7624A0A428FC3CB200963899 /* Release */ = {
			isa = XCBuildConfiguration;
			buildSettings = {
				ASSETCATALOG_COMPILER_APPICON_NAME = AppIcon;
				ASSETCATALOG_COMPILER_GLOBAL_ACCENT_COLOR_NAME = AccentColor;
				CODE_SIGN_STYLE = Automatic;
				CURRENT_PROJECT_VERSION = 1;
				DEVELOPMENT_ASSET_PATHS = "\"Landmarks/Preview Content\"";
				DEVELOPMENT_TEAM = 34VENSFD79;
				ENABLE_PREVIEWS = YES;
				GENERATE_INFOPLIST_FILE = YES;
				INFOPLIST_KEY_UIApplicationSceneManifest_Generation = YES;
				INFOPLIST_KEY_UIApplicationSupportsIndirectInputEvents = YES;
				INFOPLIST_KEY_UILaunchScreen_Generation = YES;
				INFOPLIST_KEY_UISupportedInterfaceOrientations_iPad = "UIInterfaceOrientationPortrait UIInterfaceOrientationPortraitUpsideDown UIInterfaceOrientationLandscapeLeft UIInterfaceOrientationLandscapeRight";
				INFOPLIST_KEY_UISupportedInterfaceOrientations_iPhone = "UIInterfaceOrientationPortrait UIInterfaceOrientationLandscapeLeft UIInterfaceOrientationLandscapeRight";
				LD_RUNPATH_SEARCH_PATHS = (
					"$(inherited)",
					"@executable_path/Frameworks",
				);
				MARKETING_VERSION = 1.0;
				PRODUCT_BUNDLE_IDENTIFIER = com.rodolfocomparsi.Landmarks;
				PRODUCT_NAME = "$(TARGET_NAME)";
				SWIFT_EMIT_LOC_STRINGS = YES;
				SWIFT_VERSION = 5.0;
				TARGETED_DEVICE_FAMILY = "1,2";
			};
			name = Release;
		};
		7624A0A628FC3CB200963899 /* Debug */ = {
			isa = XCBuildConfiguration;
			buildSettings = {
				ALWAYS_EMBED_SWIFT_STANDARD_LIBRARIES = YES;
				BUNDLE_LOADER = "$(TEST_HOST)";
				CODE_SIGN_STYLE = Automatic;
				CURRENT_PROJECT_VERSION = 1;
				DEVELOPMENT_TEAM = 34VENSFD79;
				GENERATE_INFOPLIST_FILE = YES;
				IPHONEOS_DEPLOYMENT_TARGET = 15.5;
				MARKETING_VERSION = 1.0;
				PRODUCT_BUNDLE_IDENTIFIER = com.rodolfocomparsi.LandmarksTests;
				PRODUCT_NAME = "$(TARGET_NAME)";
				SWIFT_EMIT_LOC_STRINGS = NO;
				SWIFT_VERSION = 5.0;
				TARGETED_DEVICE_FAMILY = "1,2";
				TEST_HOST = "$(BUILT_PRODUCTS_DIR)/Landmarks.app/Landmarks";
			};
			name = Debug;
		};
		7624A0A728FC3CB200963899 /* Release */ = {
			isa = XCBuildConfiguration;
			buildSettings = {
				ALWAYS_EMBED_SWIFT_STANDARD_LIBRARIES = YES;
				BUNDLE_LOADER = "$(TEST_HOST)";
				CODE_SIGN_STYLE = Automatic;
				CURRENT_PROJECT_VERSION = 1;
				DEVELOPMENT_TEAM = 34VENSFD79;
				GENERATE_INFOPLIST_FILE = YES;
				IPHONEOS_DEPLOYMENT_TARGET = 15.5;
				MARKETING_VERSION = 1.0;
				PRODUCT_BUNDLE_IDENTIFIER = com.rodolfocomparsi.LandmarksTests;
				PRODUCT_NAME = "$(TARGET_NAME)";
				SWIFT_EMIT_LOC_STRINGS = NO;
				SWIFT_VERSION = 5.0;
				TARGETED_DEVICE_FAMILY = "1,2";
				TEST_HOST = "$(BUILT_PRODUCTS_DIR)/Landmarks.app/Landmarks";
			};
			name = Release;
		};
		7624A0A928FC3CB200963899 /* Debug */ = {
			isa = XCBuildConfiguration;
			buildSettings = {
				ALWAYS_EMBED_SWIFT_STANDARD_LIBRARIES = YES;
				CODE_SIGN_STYLE = Automatic;
				CURRENT_PROJECT_VERSION = 1;
				DEVELOPMENT_TEAM = 34VENSFD79;
				GENERATE_INFOPLIST_FILE = YES;
				MARKETING_VERSION = 1.0;
				PRODUCT_BUNDLE_IDENTIFIER = com.rodolfocomparsi.LandmarksUITests;
				PRODUCT_NAME = "$(TARGET_NAME)";
				SWIFT_EMIT_LOC_STRINGS = NO;
				SWIFT_VERSION = 5.0;
				TARGETED_DEVICE_FAMILY = "1,2";
				TEST_TARGET_NAME = Landmarks;
			};
			name = Debug;
		};
		7624A0AA28FC3CB200963899 /* Release */ = {
			isa = XCBuildConfiguration;
			buildSettings = {
				ALWAYS_EMBED_SWIFT_STANDARD_LIBRARIES = YES;
				CODE_SIGN_STYLE = Automatic;
				CURRENT_PROJECT_VERSION = 1;
				DEVELOPMENT_TEAM = 34VENSFD79;
				GENERATE_INFOPLIST_FILE = YES;
				MARKETING_VERSION = 1.0;
				PRODUCT_BUNDLE_IDENTIFIER = com.rodolfocomparsi.LandmarksUITests;
				PRODUCT_NAME = "$(TARGET_NAME)";
				SWIFT_EMIT_LOC_STRINGS = NO;
				SWIFT_VERSION = 5.0;
				TARGETED_DEVICE_FAMILY = "1,2";
				TEST_TARGET_NAME = Landmarks;
			};
			name = Release;
		};
/* End XCBuildConfiguration section */

/* Begin XCConfigurationList section */
		7624A07928FC3CB000963899 /* Build configuration list for PBXProject "Landmarks" */ = {
			isa = XCConfigurationList;
			buildConfigurations = (
				7624A0A028FC3CB200963899 /* Debug */,
				7624A0A128FC3CB200963899 /* Release */,
			);
			defaultConfigurationIsVisible = 0;
			defaultConfigurationName = Release;
		};
		7624A0A228FC3CB200963899 /* Build configuration list for PBXNativeTarget "Landmarks" */ = {
			isa = XCConfigurationList;
			buildConfigurations = (
				7624A0A328FC3CB200963899 /* Debug */,
				7624A0A428FC3CB200963899 /* Release */,
			);
			defaultConfigurationIsVisible = 0;
			defaultConfigurationName = Release;
		};
		7624A0A528FC3CB200963899 /* Build configuration list for PBXNativeTarget "LandmarksTests" */ = {
			isa = XCConfigurationList;
			buildConfigurations = (
				7624A0A628FC3CB200963899 /* Debug */,
				7624A0A728FC3CB200963899 /* Release */,
			);
			defaultConfigurationIsVisible = 0;
			defaultConfigurationName = Release;
		};
		7624A0A828FC3CB200963899 /* Build configuration list for PBXNativeTarget "LandmarksUITests" */ = {
			isa = XCConfigurationList;
			buildConfigurations = (
				7624A0A928FC3CB200963899 /* Debug */,
				7624A0AA28FC3CB200963899 /* Release */,
			);
			defaultConfigurationIsVisible = 0;
			defaultConfigurationName = Release;
		};
/* End XCConfigurationList section */
	};
	rootObject = 7624A07628FC3CB000963899 /* Project object */;
}
